<?xml version="1.0" encoding="utf-8"?>
<Project ToolsVersion="4.0" xmlns="http://schemas.microsoft.com/developer/msbuild/2003">
  <ItemGroup>
    <Filter Include="Fichiers sources">
      <UniqueIdentifier>{4FC737F1-C7A5-4376-A066-2A32D752A2FF}</UniqueIdentifier>
      <Extensions>cpp;c;cc;cxx;def;odl;idl;hpj;bat;asm;asmx</Extensions>
    </Filter>
    <Filter Include="Fichiers d%27en-tête">
      <UniqueIdentifier>{93995380-89BD-4b04-88EB-625FBE52EBFB}</UniqueIdentifier>
      <Extensions>h;hpp;hxx;hm;inl;inc;xsd</Extensions>
    </Filter>
    <Filter Include="Fichiers de ressources">
      <UniqueIdentifier>{67DA6AB6-F800-4c08-8B7A-83BB121AAD01}</UniqueIdentifier>
      <Extensions>rc;ico;cur;bmp;dlg;rc2;rct;bin;rgs;gif;jpg;jpeg;jpe;resx;tiff;tif;png;wav;mfcribbon-ms</Extensions>
    </Filter>
    <Filter Include="Fichiers d%27en-tête\System">
      <UniqueIdentifier>{22ffede3-d60a-4384-9ca7-b989a97e92d4}</UniqueIdentifier>
    </Filter>
    <Filter Include="Fichiers d%27en-tête\Manager">
      <UniqueIdentifier>{209803a6-d949-4f7c-8ba7-3f77be6fa557}</UniqueIdentifier>
    </Filter>
    <Filter Include="Fichiers sources\Manager">
      <UniqueIdentifier>{4126854a-36d5-4894-92da-2a39b466c811}</UniqueIdentifier>
    </Filter>
    <Filter Include="Fichiers d%27en-tête\Entity">
      <UniqueIdentifier>{66cbf890-3b7f-4f1b-9021-0910309e612f}</UniqueIdentifier>
    </Filter>
    <Filter Include="Fichiers sources\Entity">
      <UniqueIdentifier>{ebeaab9e-93af-40e4-a24e-88198932c78e}</UniqueIdentifier>
    </Filter>
    <Filter Include="Fichiers sources\Component">
      <UniqueIdentifier>{64fb9fb4-f5f8-460e-9a19-43cfce3d601f}</UniqueIdentifier>
    </Filter>
    <Filter Include="Fichiers d%27en-tête\Component">
      <UniqueIdentifier>{2562bdcb-2834-43dc-a6a2-92aa941407d6}</UniqueIdentifier>
    </Filter>
    <Filter Include="Fichiers sources\System">
      <UniqueIdentifier>{eb2d81b6-f788-4945-b282-5c54f71d576c}</UniqueIdentifier>
    </Filter>
  </ItemGroup>
  <ItemGroup>
    <ClCompile Include="Main.cpp">
      <Filter>Fichiers sources</Filter>
    </ClCompile>
    <ClCompile Include="Game.cpp">
      <Filter>Fichiers sources</Filter>
    </ClCompile>
    <ClCompile Include="DrawingSystem.cpp">
      <Filter>Fichiers sources\System</Filter>
    </ClCompile>
    <ClCompile Include="EntityManager.cpp">
      <Filter>Fichiers sources\Manager</Filter>
    </ClCompile>
    <ClCompile Include="SystemManager.cpp">
      <Filter>Fichiers sources\Manager</Filter>
    </ClCompile>
    <ClCompile Include="ComponentManager.cpp">
      <Filter>Fichiers sources\Manager</Filter>
    </ClCompile>
    <ClCompile Include="Player.cpp">
      <Filter>Fichiers sources\Entity</Filter>
    </ClCompile>
    <ClCompile Include="Bush.cpp">
      <Filter>Fichiers sources\Entity</Filter>
    </ClCompile>
    <ClCompile Include="Spikeball.cpp">
      <Filter>Fichiers sources\Entity</Filter>
    </ClCompile>
    <ClCompile Include="Health.cpp">
      <Filter>Fichiers sources\Component</Filter>
    </ClCompile>
    <ClCompile Include="Sprite.cpp">
      <Filter>Fichiers sources\Component</Filter>
    </ClCompile>
    <ClCompile Include="Collision.cpp">
      <Filter>Fichiers sources\Component</Filter>
    </ClCompile>
    <ClCompile Include="Movement.cpp">
      <Filter>Fichiers sources\Component</Filter>
    </ClCompile>
    <ClCompile Include="HealthSystem.cpp">
      <Filter>Fichiers sources\System</Filter>
    </ClCompile>
    <ClCompile Include="CollisionSystem.cpp">
      <Filter>Fichiers sources\System</Filter>
    </ClCompile>
  </ItemGroup>
  <ItemGroup>
    <ClInclude Include="Game.h">
      <Filter>Fichiers d%27en-tête</Filter>
    </ClInclude>
    <ClInclude Include="DrawingSystem.h">
      <Filter>Fichiers d%27en-tête\System</Filter>
    </ClInclude>
    <ClInclude Include="SystemManager.h">
      <Filter>Fichiers d%27en-tête\Manager</Filter>
    </ClInclude>
    <ClInclude Include="EntityManager.h">
      <Filter>Fichiers d%27en-tête\Manager</Filter>
    </ClInclude>
    <ClInclude Include="Entity.h">
      <Filter>Fichiers d%27en-tête\Entity</Filter>
    </ClInclude>
    <ClInclude Include="ComponentManager.h">
      <Filter>Fichiers d%27en-tête\Manager</Filter>
    </ClInclude>
    <ClInclude Include="Player.h">
      <Filter>Fichiers d%27en-tête\Entity</Filter>
    </ClInclude>
    <ClInclude Include="Bush.h">
      <Filter>Fichiers d%27en-tête\Entity</Filter>
    </ClInclude>
    <ClInclude Include="Spikeball.h">
      <Filter>Fichiers d%27en-tête\Entity</Filter>
    </ClInclude>
    <ClInclude Include="CollisionSystem.h">
      <Filter>Fichiers d%27en-tête\System</Filter>
    </ClInclude>
    <ClInclude Include="HealthSystem.h">
      <Filter>Fichiers d%27en-tête\System</Filter>
    </ClInclude>
    <ClInclude Include="HealthComponent.h">
      <Filter>Fichiers d%27en-tête\Component</Filter>
    </ClInclude>
    <ClInclude Include="CollisionComponent.h">
      <Filter>Fichiers d%27en-tête\Component</Filter>
    </ClInclude>
    <ClInclude Include="MovementComponent.h">
      <Filter>Fichiers d%27en-tête\Component</Filter>
    </ClInclude>
    <ClInclude Include="SpriteComponent.h">
      <Filter>Fichiers d%27en-tête\Component</Filter>
    </ClInclude>
  </ItemGroup>
</Project>